
Microsoft Visual Studio Solution File, Format Version 12.00
# Visual Studio 15
VisualStudioVersion = 15.0.27130.2036
MinimumVisualStudioVersion = 10.0.40219.1
Project("{FAE04EC0-301F-11D3-BF4B-00C04F79EFBC}") = "Startup", "StockTicker\Startup.csproj", "{95236F76-96F7-458F-AAA5-0949764C1C5F}"
EndProject
Project("{FAE04EC0-301F-11D3-BF4B-00C04F79EFBC}") = "ViewModels", "ViewModels\ViewModels.csproj", "{18913FBD-B246-4B55-89ED-27186498A858}"
EndProject
Project("{FAE04EC0-301F-11D3-BF4B-00C04F79EFBC}") = "Models", "Models\Models.csproj", "{9E0B70A1-8B61-4E8C-AAD6-A903F388F12A}"
EndProject
Project("{FAE04EC0-301F-11D3-BF4B-00C04F79EFBC}") = "Views", "Views\Views.csproj", "{81308ED5-6DFE-451D-8452-80695E4A1C8F}"
EndProject
Project("{FAE04EC0-301F-11D3-BF4B-00C04F79EFBC}") = "Interfaces", "Interfaces\Interfaces.csproj", "{516E119E-23C9-48D5-8451-A991D0480BCC}"
EndProject
Global
	GlobalSection(SolutionConfigurationPlatforms) = preSolution
		Debug|Any CPU = Debug|Any CPU
		Release|Any CPU = Release|Any CPU
	EndGlobalSection
	GlobalSection(ProjectConfigurationPlatforms) = postSolution
		{95236F76-96F7-458F-AAA5-0949764C1C5F}.Debug|Any CPU.ActiveCfg = Debug|Any CPU
		{95236F76-96F7-458F-AAA5-0949764C1C5F}.Debug|Any CPU.Build.0 = Debug|Any CPU
		{95236F76-96F7-458F-AAA5-0949764C1C5F}.Release|Any CPU.ActiveCfg = Release|Any CPU
		{95236F76-96F7-458F-AAA5-0949764C1C5F}.Release|Any CPU.Build.0 = Release|Any CPU
		{18913FBD-B246-4B55-89ED-27186498A858}.Debug|Any CPU.ActiveCfg = Debug|Any CPU
		{18913FBD-B246-4B55-89ED-27186498A858}.Debug|Any CPU.Build.0 = Debug|Any CPU
		{18913FBD-B246-4B55-89ED-27186498A858}.Release|Any CPU.ActiveCfg = Release|Any CPU
		{18913FBD-B246-4B55-89ED-27186498A858}.Release|Any CPU.Build.0 = Release|Any CPU
		{9E0B70A1-8B61-4E8C-AAD6-A903F388F12A}.Debug|Any CPU.ActiveCfg = Debug|Any CPU
		{9E0B70A1-8B61-4E8C-AAD6-A903F388F12A}.Debug|Any CPU.Build.0 = Debug|Any CPU
		{9E0B70A1-8B61-4E8C-AAD6-A903F388F12A}.Release|Any CPU.ActiveCfg = Release|Any CPU
		{9E0B70A1-8B61-4E8C-AAD6-A903F388F12A}.Release|Any CPU.Build.0 = Release|Any CPU
		{81308ED5-6DFE-451D-8452-80695E4A1C8F}.Debug|Any CPU.ActiveCfg = Debug|Any CPU
		{81308ED5-6DFE-451D-8452-80695E4A1C8F}.Debug|Any CPU.Build.0 = Debug|Any CPU
		{81308ED5-6DFE-451D-8452-80695E4A1C8F}.Release|Any CPU.ActiveCfg = Release|Any CPU
		{81308ED5-6DFE-451D-8452-80695E4A1C8F}.Release|Any CPU.Build.0 = Release|Any CPU
		{516E119E-23C9-48D5-8451-A991D0480BCC}.Debug|Any CPU.ActiveCfg = Debug|Any CPU
		{516E119E-23C9-48D5-8451-A991D0480BCC}.Debug|Any CPU.Build.0 = Debug|Any CPU
		{516E119E-23C9-48D5-8451-A991D0480BCC}.Release|Any CPU.ActiveCfg = Release|Any CPU
		{516E119E-23C9-48D5-8451-A991D0480BCC}.Release|Any CPU.Build.0 = Release|Any CPU
	EndGlobalSection
	GlobalSection(SolutionProperties) = preSolution
		HideSolutionNode = FALSE
	EndGlobalSection
	GlobalSection(ExtensibilityGlobals) = postSolution
		SolutionGuid = {5EA3AD14-68CB-40AC-8143-4BBD4BA24EA3}
	EndGlobalSection
EndGlobal
